
Microsoft Visual Studio Solution File, Format Version 12.00
# Visual Studio Version 17
VisualStudioVersion = 17.0.31903.59
MinimumVisualStudioVersion = 10.0.40219.1
Project("{FAE04EC0-301F-11D3-BF4B-00C04F79EFBC}") = "API", "API\API.csproj", "{EF248C2C-FF20-4D9A-ABF5-254C8D2708CF}"
EndProject
Project("{2150E333-8FDC-42A3-9474-1A3956D46DE8}") = "Domain", "Domain", "{A321E4EE-9D60-4C0B-8AFC-C48E0CBD1D9B}"
EndProject
Project("{FAE04EC0-301F-11D3-BF4B-00C04F79EFBC}") = "Artichokes", "Domain\Artichokes\Artichokes.csproj", "{C4DBE7C4-D4B6-4ADC-9A16-2CC6E5957DE0}"
EndProject
Project("{FAE04EC0-301F-11D3-BF4B-00C04F79EFBC}") = "Artichokes.Tests", "Domain\Artichokes.Tests\Artichokes.Tests.csproj", "{F471E5A6-AC03-4AA2-858C-388093092C2F}"
EndProject
Global
	GlobalSection(SolutionConfigurationPlatforms) = preSolution
		Debug|Any CPU = Debug|Any CPU
		Release|Any CPU = Release|Any CPU
	EndGlobalSection
	GlobalSection(SolutionProperties) = preSolution
		HideSolutionNode = FALSE
	EndGlobalSection
	GlobalSection(ProjectConfigurationPlatforms) = postSolution
		{EF248C2C-FF20-4D9A-ABF5-254C8D2708CF}.Debug|Any CPU.ActiveCfg = Debug|Any CPU
		{EF248C2C-FF20-4D9A-ABF5-254C8D2708CF}.Debug|Any CPU.Build.0 = Debug|Any CPU
		{EF248C2C-FF20-4D9A-ABF5-254C8D2708CF}.Release|Any CPU.ActiveCfg = Release|Any CPU
		{EF248C2C-FF20-4D9A-ABF5-254C8D2708CF}.Release|Any CPU.Build.0 = Release|Any CPU
		{C4DBE7C4-D4B6-4ADC-9A16-2CC6E5957DE0}.Debug|Any CPU.ActiveCfg = Debug|Any CPU
		{C4DBE7C4-D4B6-4ADC-9A16-2CC6E5957DE0}.Debug|Any CPU.Build.0 = Debug|Any CPU
		{C4DBE7C4-D4B6-4ADC-9A16-2CC6E5957DE0}.Release|Any CPU.ActiveCfg = Release|Any CPU
		{C4DBE7C4-D4B6-4ADC-9A16-2CC6E5957DE0}.Release|Any CPU.Build.0 = Release|Any CPU
		{F471E5A6-AC03-4AA2-858C-388093092C2F}.Debug|Any CPU.ActiveCfg = Debug|Any CPU
		{F471E5A6-AC03-4AA2-858C-388093092C2F}.Debug|Any CPU.Build.0 = Debug|Any CPU
		{F471E5A6-AC03-4AA2-858C-388093092C2F}.Release|Any CPU.ActiveCfg = Release|Any CPU
		{F471E5A6-AC03-4AA2-858C-388093092C2F}.Release|Any CPU.Build.0 = Release|Any CPU
	EndGlobalSection
	GlobalSection(NestedProjects) = preSolution
		{C4DBE7C4-D4B6-4ADC-9A16-2CC6E5957DE0} = {A321E4EE-9D60-4C0B-8AFC-C48E0CBD1D9B}
		{F471E5A6-AC03-4AA2-858C-388093092C2F} = {A321E4EE-9D60-4C0B-8AFC-C48E0CBD1D9B}
	EndGlobalSection
EndGlobal
